{
  "version": 4,
  "terraform_version": "1.0.9",
  "serial": 56,
  "lineage": "7841071a-e33f-5d9a-c3d4-0abfb7fc5abc",
  "outputs": {},
  "resources": [
    {
      "module": "module.movember-ui-meta",
      "mode": "managed",
      "type": "aws_cloudfront_distribution",
      "name": "s3_distribution",
      "provider": "module.movember-ui-meta.provider[\"registry.terraform.io/hashicorp/aws\"]",
      "instances": [
        {
          "schema_version": 1,
          "attributes": {
            "aliases": [],
            "arn": "arn:aws:cloudfront::891099305507:distribution/E1AOJ5B3AQI02F",
            "caller_reference": "terraform-20211210023836728900000002",
            "comment": "movember-ui-dev",
            "custom_error_response": [
              {
                "error_caching_min_ttl": 0,
                "error_code": 403,
                "response_code": 200,
                "response_page_path": "/index.html"
              },
              {
                "error_caching_min_ttl": 0,
                "error_code": 404,
                "response_code": 200,
                "response_page_path": "/index.html"
              }
            ],
            "default_cache_behavior": [
              {
                "allowed_methods": [
                  "DELETE",
                  "GET",
                  "HEAD",
                  "OPTIONS",
                  "PATCH",
                  "POST",
                  "PUT"
                ],
                "cache_policy_id": "",
                "cached_methods": [
                  "GET",
                  "HEAD"
                ],
                "compress": false,
                "default_ttl": 86400,
                "field_level_encryption_id": "",
                "forwarded_values": [
                  {
                    "cookies": [
                      {
                        "forward": "none",
                        "whitelisted_names": []
                      }
                    ],
                    "headers": [],
                    "query_string": false,
                    "query_string_cache_keys": []
                  }
                ],
                "function_association": [],
                "lambda_function_association": [],
                "max_ttl": 31536000,
                "min_ttl": 1,
                "origin_request_policy_id": "",
                "realtime_log_config_arn": "",
                "response_headers_policy_id": "",
                "smooth_streaming": false,
                "target_origin_id": "cps-movember-ui-s3-origin",
                "trusted_key_groups": [],
                "trusted_signers": [],
                "viewer_protocol_policy": "redirect-to-https"
              }
            ],
            "default_root_object": "index.html",
            "domain_name": "d3jchq9c1kj584.cloudfront.net",
            "enabled": true,
            "etag": "E3BT5UUNTJY2NQ",
            "hosted_zone_id": "Z2FDTNDATAQYW2",
            "http_version": "http2",
            "id": "E1AOJ5B3AQI02F",
            "in_progress_validation_batches": 0,
            "is_ipv6_enabled": true,
            "last_modified_time": "2021-12-10 02:38:37.785 +0000 UTC",
            "logging_config": [],
            "ordered_cache_behavior": [
              {
                "allowed_methods": [
                  "DELETE",
                  "GET",
                  "HEAD",
                  "OPTIONS",
                  "PATCH",
                  "POST",
                  "PUT"
                ],
                "cache_policy_id": "",
                "cached_methods": [
                  "GET",
                  "HEAD"
                ],
                "compress": false,
                "default_ttl": 0,
                "field_level_encryption_id": "",
                "forwarded_values": [
                  {
                    "cookies": [
                      {
                        "forward": "none",
                        "whitelisted_names": []
                      }
                    ],
                    "headers": [],
                    "query_string": false,
                    "query_string_cache_keys": []
                  }
                ],
                "function_association": [],
                "lambda_function_association": [],
                "max_ttl": 0,
                "min_ttl": 0,
                "origin_request_policy_id": "",
                "path_pattern": "index.html",
                "realtime_log_config_arn": "",
                "response_headers_policy_id": "",
                "smooth_streaming": false,
                "target_origin_id": "cps-movember-ui-s3-origin",
                "trusted_key_groups": [],
                "trusted_signers": [],
                "viewer_protocol_policy": "redirect-to-https"
              }
            ],
            "origin": [
              {
                "connection_attempts": 3,
                "connection_timeout": 10,
                "custom_header": [],
                "custom_origin_config": [],
                "domain_name": "movember-ui-dev.s3.ap-southeast-2.amazonaws.com",
                "origin_id": "cps-movember-ui-s3-origin",
                "origin_path": "",
                "origin_shield": [],
                "s3_origin_config": [
                  {
                    "origin_access_identity": "origin-access-identity/cloudfront/E1YW0IFSEX2ND7"
                  }
                ]
              }
            ],
            "origin_group": [],
            "price_class": "PriceClass_100",
            "restrictions": [
              {
                "geo_restriction": [
                  {
                    "locations": [
                      "AU"
                    ],
                    "restriction_type": "whitelist"
                  }
                ]
              }
            ],
            "retain_on_delete": false,
            "status": "Deployed",
            "tags": {
              "Environment": "dev",
              "Team": "Movember"
            },
            "tags_all": {
              "Environment": "dev",
              "Team": "Movember"
            },
            "trusted_key_groups": [
              {
                "enabled": false,
                "items": []
              }
            ],
            "trusted_signers": [
              {
                "enabled": false,
                "items": []
              }
            ],
            "viewer_certificate": [
              {
                "acm_certificate_arn": "",
                "cloudfront_default_certificate": true,
                "iam_certificate_id": "",
                "minimum_protocol_version": "TLSv1",
                "ssl_support_method": ""
              }
            ],
            "wait_for_deployment": true,
            "web_acl_id": ""
          },
          "sensitive_attributes": [],
          "private": "eyJzY2hlbWFfdmVyc2lvbiI6IjEifQ==",
          "dependencies": [
            "module.movember-ui-meta.aws_cloudfront_origin_access_identity.movember_ui",
            "module.movember-ui-meta.aws_s3_bucket.movember_ui_bucket"
          ]
        }
      ]
    },
    {
      "module": "module.movember-ui-meta",
      "mode": "managed",
      "type": "aws_cloudfront_origin_access_identity",
      "name": "movember_ui",
      "provider": "module.movember-ui-meta.provider[\"registry.terraform.io/hashicorp/aws\"]",
      "instances": [
        {
          "schema_version": 0,
          "attributes": {
            "caller_reference": "terraform-20211210023828147000000001",
            "cloudfront_access_identity_path": "origin-access-identity/cloudfront/E1YW0IFSEX2ND7",
            "comment": "movember-ui-dev",
            "etag": "E3SELOQFMGTITT",
            "iam_arn": "arn:aws:iam::cloudfront:user/CloudFront Origin Access Identity E1YW0IFSEX2ND7",
            "id": "E1YW0IFSEX2ND7",
            "s3_canonical_user_id": "76a525c41a14a37dd2cf836de13a3126ae92c8b3ae6f0a88bd7adff99a9d6c0ce28644a182c10e2ecf81a99a1e495b78"
          },
          "sensitive_attributes": [],
          "private": "bnVsbA=="
        }
      ]
    },
    {
      "module": "module.movember-ui-meta",
      "mode": "managed",
      "type": "aws_s3_bucket",
      "name": "movember_ui_bucket",
      "provider": "module.movember-ui-meta.provider[\"registry.terraform.io/hashicorp/aws\"]",
      "instances": [
        {
          "schema_version": 0,
          "attributes": {
            "acceleration_status": "",
            "acl": "private",
            "arn": "arn:aws:s3:::movember-ui-dev",
            "bucket": "movember-ui-dev",
            "bucket_domain_name": "movember-ui-dev.s3.amazonaws.com",
            "bucket_prefix": null,
            "bucket_regional_domain_name": "movember-ui-dev.s3.ap-southeast-2.amazonaws.com",
            "cors_rule": [],
            "force_destroy": false,
            "grant": [],
            "hosted_zone_id": "Z1WCIGYICN2BYD",
            "id": "movember-ui-dev",
            "lifecycle_rule": [],
            "logging": [],
            "object_lock_configuration": [],
            "policy": null,
            "region": "ap-southeast-2",
            "replication_configuration": [],
            "request_payer": "BucketOwner",
            "server_side_encryption_configuration": [
              {
                "rule": [
                  {
                    "apply_server_side_encryption_by_default": [
                      {
                        "kms_master_key_id": "",
                        "sse_algorithm": "AES256"
                      }
                    ],
                    "bucket_key_enabled": false
                  }
                ]
              }
            ],
            "tags": {
              "Team": "Movember"
            },
            "tags_all": {
              "Team": "Movember"
            },
            "versioning": [
              {
                "enabled": false,
                "mfa_delete": false
              }
            ],
            "website": [
              {
                "error_document": "index.html",
                "index_document": "index.html",
                "redirect_all_requests_to": "",
                "routing_rules": ""
              }
            ],
            "website_domain": "s3-website-ap-southeast-2.amazonaws.com",
            "website_endpoint": "movember-ui-dev.s3-website-ap-southeast-2.amazonaws.com"
          },
          "sensitive_attributes": [],
          "private": "bnVsbA=="
        }
      ]
    },
    {
      "module": "module.movember-ui-meta",
      "mode": "managed",
      "type": "aws_s3_bucket_object",
      "name": "movember_files",
      "provider": "module.movember-ui-meta.provider[\"registry.terraform.io/hashicorp/aws\"]",
      "instances": [
        {
          "index_key": "asset-manifest.json",
          "schema_version": 0,
          "attributes": {
            "acl": "private",
            "bucket": "movember-ui-dev",
            "bucket_key_enabled": false,
            "cache_control": "",
            "content": null,
            "content_base64": null,
            "content_disposition": "",
            "content_encoding": "",
            "content_language": "",
            "content_type": "application/json",
            "etag": "48552e56df63dc72abd58b2e5614f313",
            "force_destroy": false,
            "id": "asset-manifest.json",
            "key": "asset-manifest.json",
            "kms_key_id": null,
            "metadata": {},
            "object_lock_legal_hold_status": "",
            "object_lock_mode": "",
            "object_lock_retain_until_date": "",
            "server_side_encryption": "AES256",
            "source": "../../build/asset-manifest.json",
            "source_hash": null,
            "storage_class": "STANDARD",
            "tags": {},
            "tags_all": {},
            "version_id": "",
            "website_redirect": ""
          },
          "sensitive_attributes": [],
          "private": "bnVsbA==",
          "dependencies": [
            "module.movember-ui-meta.aws_s3_bucket.movember_ui_bucket"
          ]
        },
        {
          "index_key": "favicon.ico",
          "schema_version": 0,
          "attributes": {
            "acl": "private",
            "bucket": "movember-ui-dev",
            "bucket_key_enabled": false,
            "cache_control": "",
            "content": null,
            "content_base64": null,
            "content_disposition": "",
            "content_encoding": "",
            "content_language": "",
            "content_type": "image/vnd.microsoft.icon",
            "etag": "c92b85a5b907c70211f4ec25e29a8c4a",
            "force_destroy": false,
            "id": "favicon.ico",
            "key": "favicon.ico",
            "kms_key_id": null,
            "metadata": {},
            "object_lock_legal_hold_status": "",
            "object_lock_mode": "",
            "object_lock_retain_until_date": "",
            "server_side_encryption": "AES256",
            "source": "../../build/favicon.ico",
            "source_hash": null,
            "storage_class": "STANDARD",
            "tags": {},
            "tags_all": {},
            "version_id": "",
            "website_redirect": ""
          },
          "sensitive_attributes": [],
          "private": "bnVsbA==",
          "dependencies": [
            "module.movember-ui-meta.aws_s3_bucket.movember_ui_bucket"
          ]
        },
        {
          "index_key": "index.html",
          "schema_version": 0,
          "attributes": {
            "acl": "private",
            "bucket": "movember-ui-dev",
            "bucket_key_enabled": false,
            "cache_control": "",
            "content": null,
            "content_base64": null,
            "content_disposition": "",
            "content_encoding": "",
            "content_language": "",
            "content_type": "text/html",
            "etag": "8fed30f17a81763145db926f5e75284a",
            "force_destroy": false,
            "id": "index.html",
            "key": "index.html",
            "kms_key_id": null,
            "metadata": {},
            "object_lock_legal_hold_status": "",
            "object_lock_mode": "",
            "object_lock_retain_until_date": "",
            "server_side_encryption": "AES256",
            "source": "../../build/index.html",
            "source_hash": null,
            "storage_class": "STANDARD",
            "tags": {},
            "tags_all": {},
            "version_id": "",
            "website_redirect": ""
          },
          "sensitive_attributes": [],
          "private": "bnVsbA==",
          "dependencies": [
            "module.movember-ui-meta.aws_s3_bucket.movember_ui_bucket"
          ]
        },
        {
          "index_key": "logo192.png",
          "schema_version": 0,
          "attributes": {
            "acl": "private",
            "bucket": "movember-ui-dev",
            "bucket_key_enabled": false,
            "cache_control": "",
            "content": null,
            "content_base64": null,
            "content_disposition": "",
            "content_encoding": "",
            "content_language": "",
            "content_type": "image/png",
            "etag": "33dbdd0177549353eeeb785d02c294af",
            "force_destroy": false,
            "id": "logo192.png",
            "key": "logo192.png",
            "kms_key_id": null,
            "metadata": {},
            "object_lock_legal_hold_status": "",
            "object_lock_mode": "",
            "object_lock_retain_until_date": "",
            "server_side_encryption": "AES256",
            "source": "../../build/logo192.png",
            "source_hash": null,
            "storage_class": "STANDARD",
            "tags": {},
            "tags_all": {},
            "version_id": "",
            "website_redirect": ""
          },
          "sensitive_attributes": [],
          "private": "bnVsbA==",
          "dependencies": [
            "module.movember-ui-meta.aws_s3_bucket.movember_ui_bucket"
          ]
        },
        {
          "index_key": "logo512.png",
          "schema_version": 0,
          "attributes": {
            "acl": "private",
            "bucket": "movember-ui-dev",
            "bucket_key_enabled": false,
            "cache_control": "",
            "content": null,
            "content_base64": null,
            "content_disposition": "",
            "content_encoding": "",
            "content_language": "",
            "content_type": "image/png",
            "etag": "917515db74ea8d1aee6a246cfbcc0b45",
            "force_destroy": false,
            "id": "logo512.png",
            "key": "logo512.png",
            "kms_key_id": null,
            "metadata": {},
            "object_lock_legal_hold_status": "",
            "object_lock_mode": "",
            "object_lock_retain_until_date": "",
            "server_side_encryption": "AES256",
            "source": "../../build/logo512.png",
            "source_hash": null,
            "storage_class": "STANDARD",
            "tags": {},
            "tags_all": {},
            "version_id": "",
            "website_redirect": ""
          },
          "sensitive_attributes": [],
          "private": "bnVsbA==",
          "dependencies": [
            "module.movember-ui-meta.aws_s3_bucket.movember_ui_bucket"
          ]
        },
        {
          "index_key": "manifest.json",
          "schema_version": 0,
          "attributes": {
            "acl": "private",
            "bucket": "movember-ui-dev",
            "bucket_key_enabled": false,
            "cache_control": "",
            "content": null,
            "content_base64": null,
            "content_disposition": "",
            "content_encoding": "",
            "content_language": "",
            "content_type": "application/json",
            "etag": "d9d975cebe2ec20b6c652e1e4c12ccf0",
            "force_destroy": false,
            "id": "manifest.json",
            "key": "manifest.json",
            "kms_key_id": null,
            "metadata": {},
            "object_lock_legal_hold_status": "",
            "object_lock_mode": "",
            "object_lock_retain_until_date": "",
            "server_side_encryption": "AES256",
            "source": "../../build/manifest.json",
            "source_hash": null,
            "storage_class": "STANDARD",
            "tags": {},
            "tags_all": {},
            "version_id": "",
            "website_redirect": ""
          },
          "sensitive_attributes": [],
          "private": "bnVsbA==",
          "dependencies": [
            "module.movember-ui-meta.aws_s3_bucket.movember_ui_bucket"
          ]
        },
        {
          "index_key": "robots.txt",
          "schema_version": 0,
          "attributes": {
            "acl": "private",
            "bucket": "movember-ui-dev",
            "bucket_key_enabled": false,
            "cache_control": "",
            "content": null,
            "content_base64": null,
            "content_disposition": "",
            "content_encoding": "",
            "content_language": "",
            "content_type": "text/plain",
            "etag": "fa1ded1ed7c11438a9b0385b1e112850",
            "force_destroy": false,
            "id": "robots.txt",
            "key": "robots.txt",
            "kms_key_id": null,
            "metadata": {},
            "object_lock_legal_hold_status": "",
            "object_lock_mode": "",
            "object_lock_retain_until_date": "",
            "server_side_encryption": "AES256",
            "source": "../../build/robots.txt",
            "source_hash": null,
            "storage_class": "STANDARD",
            "tags": {},
            "tags_all": {},
            "version_id": "",
            "website_redirect": ""
          },
          "sensitive_attributes": [],
          "private": "bnVsbA==",
          "dependencies": [
            "module.movember-ui-meta.aws_s3_bucket.movember_ui_bucket"
          ]
        }
      ]
    },
    {
      "module": "module.movember-ui-meta",
      "mode": "managed",
      "type": "aws_s3_bucket_object",
      "name": "movember_files_css",
      "provider": "module.movember-ui-meta.provider[\"registry.terraform.io/hashicorp/aws\"]",
      "instances": [
        {
          "index_key": "main.6dea0f05.chunk.css",
          "schema_version": 0,
          "attributes": {
            "acl": "private",
            "bucket": "movember-ui-dev",
            "bucket_key_enabled": false,
            "cache_control": "",
            "content": null,
            "content_base64": null,
            "content_disposition": "",
            "content_encoding": "",
            "content_language": "",
            "content_type": "text/css",
            "etag": "a1a3cc0afead28e321729d7bf23a0190",
            "force_destroy": false,
            "id": "static/css/main.6dea0f05.chunk.css",
            "key": "static/css/main.6dea0f05.chunk.css",
            "kms_key_id": null,
            "metadata": {},
            "object_lock_legal_hold_status": "",
            "object_lock_mode": "",
            "object_lock_retain_until_date": "",
            "server_side_encryption": "AES256",
            "source": "../../build/static/css/main.6dea0f05.chunk.css",
            "source_hash": null,
            "storage_class": "STANDARD",
            "tags": {},
            "tags_all": {},
            "version_id": "",
            "website_redirect": ""
          },
          "sensitive_attributes": [],
          "private": "bnVsbA==",
          "dependencies": [
            "module.movember-ui-meta.aws_s3_bucket.movember_ui_bucket"
          ]
        },
        {
          "index_key": "main.6dea0f05.chunk.css.map",
          "schema_version": 0,
          "attributes": {
            "acl": "private",
            "bucket": "movember-ui-dev",
            "bucket_key_enabled": false,
            "cache_control": "",
            "content": null,
            "content_base64": null,
            "content_disposition": "",
            "content_encoding": "",
            "content_language": "",
            "content_type": "application/json",
            "etag": "0bc70774b3772de5ca025f60518d7a13",
            "force_destroy": false,
            "id": "static/css/main.6dea0f05.chunk.css.map",
            "key": "static/css/main.6dea0f05.chunk.css.map",
            "kms_key_id": null,
            "metadata": {},
            "object_lock_legal_hold_status": "",
            "object_lock_mode": "",
            "object_lock_retain_until_date": "",
            "server_side_encryption": "AES256",
            "source": "../../build/static/css/main.6dea0f05.chunk.css.map",
            "source_hash": null,
            "storage_class": "STANDARD",
            "tags": {},
            "tags_all": {},
            "version_id": "",
            "website_redirect": ""
          },
          "sensitive_attributes": [],
          "private": "bnVsbA==",
          "dependencies": [
            "module.movember-ui-meta.aws_s3_bucket.movember_ui_bucket"
          ]
        }
      ]
    },
    {
      "module": "module.movember-ui-meta",
      "mode": "managed",
      "type": "aws_s3_bucket_object",
      "name": "movember_files_js",
      "provider": "module.movember-ui-meta.provider[\"registry.terraform.io/hashicorp/aws\"]",
      "instances": [
        {
          "index_key": "2.ca66c46c.chunk.js",
          "schema_version": 0,
          "attributes": {
            "acl": "private",
            "bucket": "movember-ui-dev",
            "bucket_key_enabled": false,
            "cache_control": "",
            "content": null,
            "content_base64": null,
            "content_disposition": "",
            "content_encoding": "",
            "content_language": "",
            "content_type": "application/javascript",
            "etag": "4acd1d932e1bc6922f966ae73677708a",
            "force_destroy": false,
            "id": "static/js/2.ca66c46c.chunk.js",
            "key": "static/js/2.ca66c46c.chunk.js",
            "kms_key_id": null,
            "metadata": {},
            "object_lock_legal_hold_status": "",
            "object_lock_mode": "",
            "object_lock_retain_until_date": "",
            "server_side_encryption": "AES256",
            "source": "../../build/static/js/2.ca66c46c.chunk.js",
            "source_hash": null,
            "storage_class": "STANDARD",
            "tags": {},
            "tags_all": {},
            "version_id": "",
            "website_redirect": ""
          },
          "sensitive_attributes": [],
          "private": "bnVsbA==",
          "dependencies": [
            "module.movember-ui-meta.aws_s3_bucket.movember_ui_bucket"
          ]
        },
        {
          "index_key": "2.ca66c46c.chunk.js.LICENSE.txt",
          "schema_version": 0,
          "attributes": {
            "acl": "private",
            "bucket": "movember-ui-dev",
            "bucket_key_enabled": false,
            "cache_control": "",
            "content": null,
            "content_base64": null,
            "content_disposition": "",
            "content_encoding": "",
            "content_language": "",
            "content_type": "text/plain",
            "etag": "ec266338327c96f8d208bb8386b5b9a5",
            "force_destroy": false,
            "id": "static/js/2.ca66c46c.chunk.js.LICENSE.txt",
            "key": "static/js/2.ca66c46c.chunk.js.LICENSE.txt",
            "kms_key_id": null,
            "metadata": {},
            "object_lock_legal_hold_status": "",
            "object_lock_mode": "",
            "object_lock_retain_until_date": "",
            "server_side_encryption": "AES256",
            "source": "../../build/static/js/2.ca66c46c.chunk.js.LICENSE.txt",
            "source_hash": null,
            "storage_class": "STANDARD",
            "tags": {},
            "tags_all": {},
            "version_id": "",
            "website_redirect": ""
          },
          "sensitive_attributes": [],
          "private": "bnVsbA==",
          "dependencies": [
            "module.movember-ui-meta.aws_s3_bucket.movember_ui_bucket"
          ]
        },
        {
          "index_key": "2.ca66c46c.chunk.js.map",
          "schema_version": 0,
          "attributes": {
            "acl": "private",
            "bucket": "movember-ui-dev",
            "bucket_key_enabled": false,
            "cache_control": "",
            "content": null,
            "content_base64": null,
            "content_disposition": "",
            "content_encoding": "",
            "content_language": "",
            "content_type": "application/json",
            "etag": "464935cf4db5df50a379186ec83495c4",
            "force_destroy": false,
            "id": "static/js/2.ca66c46c.chunk.js.map",
            "key": "static/js/2.ca66c46c.chunk.js.map",
            "kms_key_id": null,
            "metadata": {},
            "object_lock_legal_hold_status": "",
            "object_lock_mode": "",
            "object_lock_retain_until_date": "",
            "server_side_encryption": "AES256",
            "source": "../../build/static/js/2.ca66c46c.chunk.js.map",
            "source_hash": null,
            "storage_class": "STANDARD",
            "tags": {},
            "tags_all": {},
            "version_id": "",
            "website_redirect": ""
          },
          "sensitive_attributes": [],
          "private": "bnVsbA==",
          "dependencies": [
            "module.movember-ui-meta.aws_s3_bucket.movember_ui_bucket"
          ]
        },
        {
          "index_key": "3.5498de5f.chunk.js",
          "schema_version": 0,
          "attributes": {
            "acl": "private",
            "bucket": "movember-ui-dev",
            "bucket_key_enabled": false,
            "cache_control": "",
            "content": null,
            "content_base64": null,
            "content_disposition": "",
            "content_encoding": "",
            "content_language": "",
            "content_type": "application/javascript",
            "etag": "2930da0a2866a83651a7314bc771a7ae",
            "force_destroy": false,
            "id": "static/js/3.5498de5f.chunk.js",
            "key": "static/js/3.5498de5f.chunk.js",
            "kms_key_id": null,
            "metadata": {},
            "object_lock_legal_hold_status": "",
            "object_lock_mode": "",
            "object_lock_retain_until_date": "",
            "server_side_encryption": "AES256",
            "source": "../../build/static/js/3.5498de5f.chunk.js",
            "source_hash": null,
            "storage_class": "STANDARD",
            "tags": {},
            "tags_all": {},
            "version_id": "",
            "website_redirect": ""
          },
          "sensitive_attributes": [],
          "private": "bnVsbA==",
          "dependencies": [
            "module.movember-ui-meta.aws_s3_bucket.movember_ui_bucket"
          ]
        },
        {
          "index_key": "3.5498de5f.chunk.js.map",
          "schema_version": 0,
          "attributes": {
            "acl": "private",
            "bucket": "movember-ui-dev",
            "bucket_key_enabled": false,
            "cache_control": "",
            "content": null,
            "content_base64": null,
            "content_disposition": "",
            "content_encoding": "",
            "content_language": "",
            "content_type": "application/json",
            "etag": "630b136cb7d4b8a078f357830c58bff1",
            "force_destroy": false,
            "id": "static/js/3.5498de5f.chunk.js.map",
            "key": "static/js/3.5498de5f.chunk.js.map",
            "kms_key_id": null,
            "metadata": {},
            "object_lock_legal_hold_status": "",
            "object_lock_mode": "",
            "object_lock_retain_until_date": "",
            "server_side_encryption": "AES256",
            "source": "../../build/static/js/3.5498de5f.chunk.js.map",
            "source_hash": null,
            "storage_class": "STANDARD",
            "tags": {},
            "tags_all": {},
            "version_id": "",
            "website_redirect": ""
          },
          "sensitive_attributes": [],
          "private": "bnVsbA==",
          "dependencies": [
            "module.movember-ui-meta.aws_s3_bucket.movember_ui_bucket"
          ]
        },
        {
          "index_key": "main.d16d1da7.chunk.js",
          "schema_version": 0,
          "attributes": {
            "acl": "private",
            "bucket": "movember-ui-dev",
            "bucket_key_enabled": false,
            "cache_control": "",
            "content": null,
            "content_base64": null,
            "content_disposition": "",
            "content_encoding": "",
            "content_language": "",
            "content_type": "application/javascript",
            "etag": "62345c0d39b4b8ea0d747b7790132133",
            "force_destroy": false,
            "id": "static/js/main.d16d1da7.chunk.js",
            "key": "static/js/main.d16d1da7.chunk.js",
            "kms_key_id": null,
            "metadata": null,
            "object_lock_legal_hold_status": "",
            "object_lock_mode": "",
            "object_lock_retain_until_date": "",
            "server_side_encryption": "AES256",
            "source": "../../build/static/js/main.d16d1da7.chunk.js",
            "source_hash": null,
            "storage_class": "STANDARD",
            "tags": null,
            "tags_all": {},
            "version_id": "",
            "website_redirect": ""
          },
          "sensitive_attributes": [],
          "private": "bnVsbA==",
          "dependencies": [
            "module.movember-ui-meta.aws_s3_bucket.movember_ui_bucket"
          ]
        },
        {
          "index_key": "main.d16d1da7.chunk.js.map",
          "schema_version": 0,
          "attributes": {
            "acl": "private",
            "bucket": "movember-ui-dev",
            "bucket_key_enabled": false,
            "cache_control": "",
            "content": null,
            "content_base64": null,
            "content_disposition": "",
            "content_encoding": "",
            "content_language": "",
            "content_type": "application/json",
            "etag": "a16733d3692f6a5e3bb56a54d9ed1173",
            "force_destroy": false,
            "id": "static/js/main.d16d1da7.chunk.js.map",
            "key": "static/js/main.d16d1da7.chunk.js.map",
            "kms_key_id": null,
            "metadata": null,
            "object_lock_legal_hold_status": "",
            "object_lock_mode": "",
            "object_lock_retain_until_date": "",
            "server_side_encryption": "AES256",
            "source": "../../build/static/js/main.d16d1da7.chunk.js.map",
            "source_hash": null,
            "storage_class": "STANDARD",
            "tags": null,
            "tags_all": {},
            "version_id": "",
            "website_redirect": ""
          },
          "sensitive_attributes": [],
          "private": "bnVsbA==",
          "dependencies": [
            "module.movember-ui-meta.aws_s3_bucket.movember_ui_bucket"
          ]
        },
        {
          "index_key": "runtime-main.2e6f9b8e.js",
          "schema_version": 0,
          "attributes": {
            "acl": "private",
            "bucket": "movember-ui-dev",
            "bucket_key_enabled": false,
            "cache_control": "",
            "content": null,
            "content_base64": null,
            "content_disposition": "",
            "content_encoding": "",
            "content_language": "",
            "content_type": "application/javascript",
            "etag": "c389f682d690cc5dc2053ae398b046fc",
            "force_destroy": false,
            "id": "static/js/runtime-main.2e6f9b8e.js",
            "key": "static/js/runtime-main.2e6f9b8e.js",
            "kms_key_id": null,
            "metadata": {},
            "object_lock_legal_hold_status": "",
            "object_lock_mode": "",
            "object_lock_retain_until_date": "",
            "server_side_encryption": "AES256",
            "source": "../../build/static/js/runtime-main.2e6f9b8e.js",
            "source_hash": null,
            "storage_class": "STANDARD",
            "tags": {},
            "tags_all": {},
            "version_id": "",
            "website_redirect": ""
          },
          "sensitive_attributes": [],
          "private": "bnVsbA==",
          "dependencies": [
            "module.movember-ui-meta.aws_s3_bucket.movember_ui_bucket"
          ]
        },
        {
          "index_key": "runtime-main.2e6f9b8e.js.map",
          "schema_version": 0,
          "attributes": {
            "acl": "private",
            "bucket": "movember-ui-dev",
            "bucket_key_enabled": false,
            "cache_control": "",
            "content": null,
            "content_base64": null,
            "content_disposition": "",
            "content_encoding": "",
            "content_language": "",
            "content_type": "application/json",
            "etag": "f806383807589a53587bb423fedb5d3d",
            "force_destroy": false,
            "id": "static/js/runtime-main.2e6f9b8e.js.map",
            "key": "static/js/runtime-main.2e6f9b8e.js.map",
            "kms_key_id": null,
            "metadata": {},
            "object_lock_legal_hold_status": "",
            "object_lock_mode": "",
            "object_lock_retain_until_date": "",
            "server_side_encryption": "AES256",
            "source": "../../build/static/js/runtime-main.2e6f9b8e.js.map",
            "source_hash": null,
            "storage_class": "STANDARD",
            "tags": {},
            "tags_all": {},
            "version_id": "",
            "website_redirect": ""
          },
          "sensitive_attributes": [],
          "private": "bnVsbA==",
          "dependencies": [
            "module.movember-ui-meta.aws_s3_bucket.movember_ui_bucket"
          ]
        }
      ]
    },
    {
      "module": "module.movember-ui-meta",
      "mode": "managed",
      "type": "aws_s3_bucket_object",
      "name": "movember_files_public_images",
      "provider": "module.movember-ui-meta.provider[\"registry.terraform.io/hashicorp/aws\"]",
      "instances": [
        {
          "index_key": "1.png",
          "schema_version": 0,
          "attributes": {
            "acl": "private",
            "bucket": "movember-ui-dev",
            "bucket_key_enabled": false,
            "cache_control": "",
            "content": null,
            "content_base64": null,
            "content_disposition": "",
            "content_encoding": "",
            "content_language": "",
            "content_type": "image/png",
            "etag": "fe2bbe3ac4d14ceb955c534b64d3f683",
            "force_destroy": false,
            "id": "images/1.png",
            "key": "images/1.png",
            "kms_key_id": null,
            "metadata": {},
            "object_lock_legal_hold_status": "",
            "object_lock_mode": "",
            "object_lock_retain_until_date": "",
            "server_side_encryption": "AES256",
            "source": "../../public/images/1.png",
            "source_hash": null,
            "storage_class": "STANDARD",
            "tags": {},
            "tags_all": {},
            "version_id": "",
            "website_redirect": ""
          },
          "sensitive_attributes": [],
          "private": "bnVsbA==",
          "dependencies": [
            "module.movember-ui-meta.aws_s3_bucket.movember_ui_bucket"
          ]
        },
        {
          "index_key": "2.png",
          "schema_version": 0,
          "attributes": {
            "acl": "private",
            "bucket": "movember-ui-dev",
            "bucket_key_enabled": false,
            "cache_control": "",
            "content": null,
            "content_base64": null,
            "content_disposition": "",
            "content_encoding": "",
            "content_language": "",
            "content_type": "image/png",
            "etag": "60e604cbfd396341ea495a2ef67ac241",
            "force_destroy": false,
            "id": "images/2.png",
            "key": "images/2.png",
            "kms_key_id": null,
            "metadata": {},
            "object_lock_legal_hold_status": "",
            "object_lock_mode": "",
            "object_lock_retain_until_date": "",
            "server_side_encryption": "AES256",
            "source": "../../public/images/2.png",
            "source_hash": null,
            "storage_class": "STANDARD",
            "tags": {},
            "tags_all": {},
            "version_id": "",
            "website_redirect": ""
          },
          "sensitive_attributes": [],
          "private": "bnVsbA==",
          "dependencies": [
            "module.movember-ui-meta.aws_s3_bucket.movember_ui_bucket"
          ]
        },
        {
          "index_key": "3.png",
          "schema_version": 0,
          "attributes": {
            "acl": "private",
            "bucket": "movember-ui-dev",
            "bucket_key_enabled": false,
            "cache_control": "",
            "content": null,
            "content_base64": null,
            "content_disposition": "",
            "content_encoding": "",
            "content_language": "",
            "content_type": "image/png",
            "etag": "b8feae7c7cf7cfd56985239c05012842",
            "force_destroy": false,
            "id": "images/3.png",
            "key": "images/3.png",
            "kms_key_id": null,
            "metadata": {},
            "object_lock_legal_hold_status": "",
            "object_lock_mode": "",
            "object_lock_retain_until_date": "",
            "server_side_encryption": "AES256",
            "source": "../../public/images/3.png",
            "source_hash": null,
            "storage_class": "STANDARD",
            "tags": {},
            "tags_all": {},
            "version_id": "",
            "website_redirect": ""
          },
          "sensitive_attributes": [],
          "private": "bnVsbA==",
          "dependencies": [
            "module.movember-ui-meta.aws_s3_bucket.movember_ui_bucket"
          ]
        },
        {
          "index_key": "4.png",
          "schema_version": 0,
          "attributes": {
            "acl": "private",
            "bucket": "movember-ui-dev",
            "bucket_key_enabled": false,
            "cache_control": "",
            "content": null,
            "content_base64": null,
            "content_disposition": "",
            "content_encoding": "",
            "content_language": "",
            "content_type": "image/png",
            "etag": "541289ab21461f2f324410685750e9a7",
            "force_destroy": false,
            "id": "images/4.png",
            "key": "images/4.png",
            "kms_key_id": null,
            "metadata": {},
            "object_lock_legal_hold_status": "",
            "object_lock_mode": "",
            "object_lock_retain_until_date": "",
            "server_side_encryption": "AES256",
            "source": "../../public/images/4.png",
            "source_hash": null,
            "storage_class": "STANDARD",
            "tags": {},
            "tags_all": {},
            "version_id": "",
            "website_redirect": ""
          },
          "sensitive_attributes": [],
          "private": "bnVsbA==",
          "dependencies": [
            "module.movember-ui-meta.aws_s3_bucket.movember_ui_bucket"
          ]
        },
        {
          "index_key": "5.png",
          "schema_version": 0,
          "attributes": {
            "acl": "private",
            "bucket": "movember-ui-dev",
            "bucket_key_enabled": false,
            "cache_control": "",
            "content": null,
            "content_base64": null,
            "content_disposition": "",
            "content_encoding": "",
            "content_language": "",
            "content_type": "image/png",
            "etag": "9f167715d52fc6be086806e115e90120",
            "force_destroy": false,
            "id": "images/5.png",
            "key": "images/5.png",
            "kms_key_id": null,
            "metadata": {},
            "object_lock_legal_hold_status": "",
            "object_lock_mode": "",
            "object_lock_retain_until_date": "",
            "server_side_encryption": "AES256",
            "source": "../../public/images/5.png",
            "source_hash": null,
            "storage_class": "STANDARD",
            "tags": {},
            "tags_all": {},
            "version_id": "",
            "website_redirect": ""
          },
          "sensitive_attributes": [],
          "private": "bnVsbA==",
          "dependencies": [
            "module.movember-ui-meta.aws_s3_bucket.movember_ui_bucket"
          ]
        }
      ]
    },
    {
      "module": "module.movember-ui-meta",
      "mode": "managed",
      "type": "aws_s3_bucket_policy",
      "name": "movember_policy",
      "provider": "module.movember-ui-meta.provider[\"registry.terraform.io/hashicorp/aws\"]",
      "instances": [
        {
          "schema_version": 0,
          "attributes": {
            "bucket": "movember-ui-dev",
            "id": "movember-ui-dev",
            "policy": "{\"Statement\":[{\"Action\":\"s3:*\",\"Condition\":{\"Bool\":{\"aws:SecureTransport\":\"false\"},\"NumericLessThan\":{\"s3:TlsVersion\":1.2}},\"Effect\":\"Deny\",\"Principal\":\"*\",\"Resource\":[\"arn:aws:s3:::movember-ui-dev/*\",\"arn:aws:s3:::movember-ui-dev\"],\"Sid\":\"EnforceTls\"},{\"Action\":\"s3:GetObject\",\"Effect\":\"Allow\",\"Principal\":{\"AWS\":\"arn:aws:iam::cloudfront:user/CloudFront Origin Access Identity E1YW0IFSEX2ND7\"},\"Resource\":\"arn:aws:s3:::movember-ui-dev/*\"}],\"Version\":\"2012-10-17\"}"
          },
          "sensitive_attributes": [],
          "private": "bnVsbA==",
          "dependencies": [
            "module.movember-ui-meta.aws_cloudfront_origin_access_identity.movember_ui",
            "module.movember-ui-meta.aws_s3_bucket.movember_ui_bucket"
          ]
        }
      ]
    },
    {
      "module": "module.movember-ui-meta",
      "mode": "managed",
      "type": "aws_s3_bucket_public_access_block",
      "name": "movember_public_block",
      "provider": "module.movember-ui-meta.provider[\"registry.terraform.io/hashicorp/aws\"]",
      "instances": [
        {
          "schema_version": 0,
          "attributes": {
            "block_public_acls": true,
            "block_public_policy": true,
            "bucket": "movember-ui-dev",
            "id": "movember-ui-dev",
            "ignore_public_acls": true,
            "restrict_public_buckets": true
          },
          "sensitive_attributes": [],
          "private": "bnVsbA==",
          "dependencies": [
            "module.movember-ui-meta.aws_s3_bucket.movember_ui_bucket"
          ]
        }
      ]
    }
  ]
}
